
Microsoft Visual Studio Solution File, Format Version 12.00
# Visual Studio Version 17
VisualStudioVersion = 17.5.33516.290
MinimumVisualStudioVersion = 10.0.40219.1
Project("{FAE04EC0-301F-11D3-BF4B-00C04F79EFBC}") = "ActorAPI", "ActorAPI\ActorAPI.csproj", "{99C327B3-FBA4-4BE3-8AB3-8BF0199A9B4A}"
EndProject
Global
	GlobalSection(SolutionConfigurationPlatforms) = preSolution
		Debug|Any CPU = Debug|Any CPU
		Release|Any CPU = Release|Any CPU
	EndGlobalSection
	GlobalSection(ProjectConfigurationPlatforms) = postSolution
		{99C327B3-FBA4-4BE3-8AB3-8BF0199A9B4A}.Debug|Any CPU.ActiveCfg = Debug|Any CPU
		{99C327B3-FBA4-4BE3-8AB3-8BF0199A9B4A}.Debug|Any CPU.Build.0 = Debug|Any CPU
		{99C327B3-FBA4-4BE3-8AB3-8BF0199A9B4A}.Release|Any CPU.ActiveCfg = Release|Any CPU
		{99C327B3-FBA4-4BE3-8AB3-8BF0199A9B4A}.Release|Any CPU.Build.0 = Release|Any CPU
	EndGlobalSection
	GlobalSection(SolutionProperties) = preSolution
		HideSolutionNode = FALSE
	EndGlobalSection
	GlobalSection(ExtensibilityGlobals) = postSolution
		SolutionGuid = {1A1FAF21-D36F-4530-AB68-83F267BE7C4E}
	EndGlobalSection
EndGlobal
